
Microsoft Visual Studio Solution File, Format Version 12.00
Project("{2150E333-8FDC-42A3-9474-1A3956D46DE8}") = "src", "src", "{1A41F1FD-7DB2-4602-A1F9-CDC163F4024E}"
EndProject
Project("{FAE04EC0-301F-11D3-BF4B-00C04F79EFBC}") = "FacturaFacil.Core", "FacturaFacil.Core\FacturaFacil.Core.csproj", "{F0317388-01F9-45EA-9D20-D7726FF54BD3}"
EndProject
Project("{FAE04EC0-301F-11D3-BF4B-00C04F79EFBC}") = "FacturaFacil.Services", "FacturaFacil.Services\FacturaFacil.Services.csproj", "{839F868C-CB32-4903-85AC-0D7DA023BAFE}"
EndProject
Project("{FAE04EC0-301F-11D3-BF4B-00C04F79EFBC}") = "FacturaFacil.UI", "FacturaFacil.UI\FacturaFacil.UI.csproj", "{031E8ADC-0FB8-4318-BF17-BAF2B72FAE8D}"
EndProject
Project("{FAE04EC0-301F-11D3-BF4B-00C04F79EFBC}") = "FacturaFacil.Api", "FacturaFacil.Api\FacturaFacil.Api.csproj", "{58B748F3-8F1E-4FE3-8B0C-099E2A226724}"
EndProject
Global
	GlobalSection(SolutionConfigurationPlatforms) = preSolution
		Debug|Any CPU = Debug|Any CPU
		Debug|x64 = Debug|x64
		Debug|x86 = Debug|x86
		Release|Any CPU = Release|Any CPU
		Release|x64 = Release|x64
		Release|x86 = Release|x86
	EndGlobalSection
	GlobalSection(ProjectConfigurationPlatforms) = postSolution
		{F0317388-01F9-45EA-9D20-D7726FF54BD3}.Debug|Any CPU.ActiveCfg = Debug|Any CPU
		{F0317388-01F9-45EA-9D20-D7726FF54BD3}.Debug|Any CPU.Build.0 = Debug|Any CPU
		{F0317388-01F9-45EA-9D20-D7726FF54BD3}.Debug|x64.ActiveCfg = Debug|Any CPU
		{F0317388-01F9-45EA-9D20-D7726FF54BD3}.Debug|x64.Build.0 = Debug|Any CPU
		{F0317388-01F9-45EA-9D20-D7726FF54BD3}.Debug|x86.ActiveCfg = Debug|Any CPU
		{F0317388-01F9-45EA-9D20-D7726FF54BD3}.Debug|x86.Build.0 = Debug|Any CPU
		{F0317388-01F9-45EA-9D20-D7726FF54BD3}.Release|Any CPU.ActiveCfg = Release|Any CPU
		{F0317388-01F9-45EA-9D20-D7726FF54BD3}.Release|Any CPU.Build.0 = Release|Any CPU
		{F0317388-01F9-45EA-9D20-D7726FF54BD3}.Release|x64.ActiveCfg = Release|Any CPU
		{F0317388-01F9-45EA-9D20-D7726FF54BD3}.Release|x64.Build.0 = Release|Any CPU
		{F0317388-01F9-45EA-9D20-D7726FF54BD3}.Release|x86.ActiveCfg = Release|Any CPU
		{F0317388-01F9-45EA-9D20-D7726FF54BD3}.Release|x86.Build.0 = Release|Any CPU
		{839F868C-CB32-4903-85AC-0D7DA023BAFE}.Debug|Any CPU.ActiveCfg = Debug|Any CPU
		{839F868C-CB32-4903-85AC-0D7DA023BAFE}.Debug|Any CPU.Build.0 = Debug|Any CPU
		{839F868C-CB32-4903-85AC-0D7DA023BAFE}.Debug|x64.ActiveCfg = Debug|Any CPU
		{839F868C-CB32-4903-85AC-0D7DA023BAFE}.Debug|x64.Build.0 = Debug|Any CPU
		{839F868C-CB32-4903-85AC-0D7DA023BAFE}.Debug|x86.ActiveCfg = Debug|Any CPU
		{839F868C-CB32-4903-85AC-0D7DA023BAFE}.Debug|x86.Build.0 = Debug|Any CPU
		{839F868C-CB32-4903-85AC-0D7DA023BAFE}.Release|Any CPU.ActiveCfg = Release|Any CPU
		{839F868C-CB32-4903-85AC-0D7DA023BAFE}.Release|Any CPU.Build.0 = Release|Any CPU
		{839F868C-CB32-4903-85AC-0D7DA023BAFE}.Release|x64.ActiveCfg = Release|Any CPU
		{839F868C-CB32-4903-85AC-0D7DA023BAFE}.Release|x64.Build.0 = Release|Any CPU
		{839F868C-CB32-4903-85AC-0D7DA023BAFE}.Release|x86.ActiveCfg = Release|Any CPU
		{839F868C-CB32-4903-85AC-0D7DA023BAFE}.Release|x86.Build.0 = Release|Any CPU
		{031E8ADC-0FB8-4318-BF17-BAF2B72FAE8D}.Debug|Any CPU.ActiveCfg = Debug|Any CPU
		{031E8ADC-0FB8-4318-BF17-BAF2B72FAE8D}.Debug|Any CPU.Build.0 = Debug|Any CPU
		{031E8ADC-0FB8-4318-BF17-BAF2B72FAE8D}.Debug|x64.ActiveCfg = Debug|Any CPU
		{031E8ADC-0FB8-4318-BF17-BAF2B72FAE8D}.Debug|x64.Build.0 = Debug|Any CPU
		{031E8ADC-0FB8-4318-BF17-BAF2B72FAE8D}.Debug|x86.ActiveCfg = Debug|Any CPU
		{031E8ADC-0FB8-4318-BF17-BAF2B72FAE8D}.Debug|x86.Build.0 = Debug|Any CPU
		{031E8ADC-0FB8-4318-BF17-BAF2B72FAE8D}.Release|Any CPU.ActiveCfg = Release|Any CPU
		{031E8ADC-0FB8-4318-BF17-BAF2B72FAE8D}.Release|Any CPU.Build.0 = Release|Any CPU
		{031E8ADC-0FB8-4318-BF17-BAF2B72FAE8D}.Release|x64.ActiveCfg = Release|Any CPU
		{031E8ADC-0FB8-4318-BF17-BAF2B72FAE8D}.Release|x64.Build.0 = Release|Any CPU
		{031E8ADC-0FB8-4318-BF17-BAF2B72FAE8D}.Release|x86.ActiveCfg = Release|Any CPU
		{031E8ADC-0FB8-4318-BF17-BAF2B72FAE8D}.Release|x86.Build.0 = Release|Any CPU
		{58B748F3-8F1E-4FE3-8B0C-099E2A226724}.Debug|Any CPU.ActiveCfg = Debug|Any CPU
		{58B748F3-8F1E-4FE3-8B0C-099E2A226724}.Debug|Any CPU.Build.0 = Debug|Any CPU
		{58B748F3-8F1E-4FE3-8B0C-099E2A226724}.Debug|x64.ActiveCfg = Debug|Any CPU
		{58B748F3-8F1E-4FE3-8B0C-099E2A226724}.Debug|x64.Build.0 = Debug|Any CPU
		{58B748F3-8F1E-4FE3-8B0C-099E2A226724}.Debug|x86.ActiveCfg = Debug|Any CPU
		{58B748F3-8F1E-4FE3-8B0C-099E2A226724}.Debug|x86.Build.0 = Debug|Any CPU
		{58B748F3-8F1E-4FE3-8B0C-099E2A226724}.Release|Any CPU.ActiveCfg = Release|Any CPU
		{58B748F3-8F1E-4FE3-8B0C-099E2A226724}.Release|Any CPU.Build.0 = Release|Any CPU
		{58B748F3-8F1E-4FE3-8B0C-099E2A226724}.Release|x64.ActiveCfg = Release|Any CPU
		{58B748F3-8F1E-4FE3-8B0C-099E2A226724}.Release|x64.Build.0 = Release|Any CPU
		{58B748F3-8F1E-4FE3-8B0C-099E2A226724}.Release|x86.ActiveCfg = Release|Any CPU
		{58B748F3-8F1E-4FE3-8B0C-099E2A226724}.Release|x86.Build.0 = Release|Any CPU
	EndGlobalSection
	GlobalSection(SolutionProperties) = preSolution
		HideSolutionNode = FALSE
	EndGlobalSection
	GlobalSection(NestedProjects) = preSolution
		{F0317388-01F9-45EA-9D20-D7726FF54BD3} = {1A41F1FD-7DB2-4602-A1F9-CDC163F4024E}
		{839F868C-CB32-4903-85AC-0D7DA023BAFE} = {1A41F1FD-7DB2-4602-A1F9-CDC163F4024E}
		{031E8ADC-0FB8-4318-BF17-BAF2B72FAE8D} = {1A41F1FD-7DB2-4602-A1F9-CDC163F4024E}
	EndGlobalSection
EndGlobal
